
Microsoft Visual Studio Solution File, Format Version 12.00
# Visual Studio 2013
VisualStudioVersion = 12.0.21005.1
MinimumVisualStudioVersion = 10.0.40219.1
Project("{FAE04EC0-301F-11D3-BF4B-00C04F79EFBC}") = "WCFService", "WCFService\WCFService.csproj", "{91C60E18-6446-45D6-BF4E-ED03D890CE55}"
EndProject
Project("{FAE04EC0-301F-11D3-BF4B-00C04F79EFBC}") = "ConsoleClientForTesting", "ConsoleClientForTesting\ConsoleClientForTesting.csproj", "{8C7511A5-A473-4F8D-B4AC-7718C25A0257}"
	ProjectSection(ProjectDependencies) = postProject
		{91C60E18-6446-45D6-BF4E-ED03D890CE55} = {91C60E18-6446-45D6-BF4E-ED03D890CE55}
	EndProjectSection
EndProject
Project("{FAE04EC0-301F-11D3-BF4B-00C04F79EFBC}") = "WPF_Server", "WPF_Server\WPF_Server.csproj", "{9AA129C8-7680-4336-94CE-DCA2B1792C87}"
	ProjectSection(ProjectDependencies) = postProject
		{91C60E18-6446-45D6-BF4E-ED03D890CE55} = {91C60E18-6446-45D6-BF4E-ED03D890CE55}
	EndProjectSection
EndProject
Global
	GlobalSection(SolutionConfigurationPlatforms) = preSolution
		Debug|Any CPU = Debug|Any CPU
		Release|Any CPU = Release|Any CPU
	EndGlobalSection
	GlobalSection(ProjectConfigurationPlatforms) = postSolution
		{91C60E18-6446-45D6-BF4E-ED03D890CE55}.Debug|Any CPU.ActiveCfg = Debug|Any CPU
		{91C60E18-6446-45D6-BF4E-ED03D890CE55}.Debug|Any CPU.Build.0 = Debug|Any CPU
		{91C60E18-6446-45D6-BF4E-ED03D890CE55}.Release|Any CPU.ActiveCfg = Release|Any CPU
		{91C60E18-6446-45D6-BF4E-ED03D890CE55}.Release|Any CPU.Build.0 = Release|Any CPU
		{8C7511A5-A473-4F8D-B4AC-7718C25A0257}.Debug|Any CPU.ActiveCfg = Debug|Any CPU
		{8C7511A5-A473-4F8D-B4AC-7718C25A0257}.Debug|Any CPU.Build.0 = Debug|Any CPU
		{8C7511A5-A473-4F8D-B4AC-7718C25A0257}.Release|Any CPU.ActiveCfg = Release|Any CPU
		{8C7511A5-A473-4F8D-B4AC-7718C25A0257}.Release|Any CPU.Build.0 = Release|Any CPU
		{9AA129C8-7680-4336-94CE-DCA2B1792C87}.Debug|Any CPU.ActiveCfg = Debug|Any CPU
		{9AA129C8-7680-4336-94CE-DCA2B1792C87}.Debug|Any CPU.Build.0 = Debug|Any CPU
		{9AA129C8-7680-4336-94CE-DCA2B1792C87}.Release|Any CPU.ActiveCfg = Release|Any CPU
		{9AA129C8-7680-4336-94CE-DCA2B1792C87}.Release|Any CPU.Build.0 = Release|Any CPU
	EndGlobalSection
	GlobalSection(SolutionProperties) = preSolution
		HideSolutionNode = FALSE
	EndGlobalSection
EndGlobal
